
Microsoft Visual Studio Solution File, Format Version 12.00
# Visual Studio 15
VisualStudioVersion = 15.0.28307.438
MinimumVisualStudioVersion = 10.0.40219.1
Project("{FAE04EC0-301F-11D3-BF4B-00C04F79EFBC}") = "DropPlus.Android", "DropPlus\DropPlus.Android\DropPlus.Android.csproj", "{5C0D76AB-E60B-4C70-B44A-A9C0D5BC1DC5}"
EndProject
Project("{FAE04EC0-301F-11D3-BF4B-00C04F79EFBC}") = "DropPlus.iOS", "DropPlus\DropPlus.iOS\DropPlus.iOS.csproj", "{5E7D274B-30C9-4D67-AE97-0EB3CC511E31}"
EndProject
Project("{FAE04EC0-301F-11D3-BF4B-00C04F79EFBC}") = "DropPlus.UWP", "DropPlus\DropPlus.UWP\DropPlus.UWP.csproj", "{C31846F3-B8BD-4ECE-AE28-E8996655A55A}"
EndProject
Project("{FAE04EC0-301F-11D3-BF4B-00C04F79EFBC}") = "DropPlus", "DropPlus\DropPlus\DropPlus.csproj", "{AAEAD116-71AC-4FA8-A8E2-C4A3FB907563}"
EndProject
Global
	GlobalSection(SolutionConfigurationPlatforms) = preSolution
		Debug|Any CPU = Debug|Any CPU
		Debug|ARM = Debug|ARM
		Debug|iPhone = Debug|iPhone
		Debug|iPhoneSimulator = Debug|iPhoneSimulator
		Debug|x64 = Debug|x64
		Debug|x86 = Debug|x86
		Release|Any CPU = Release|Any CPU
		Release|ARM = Release|ARM
		Release|iPhone = Release|iPhone
		Release|iPhoneSimulator = Release|iPhoneSimulator
		Release|x64 = Release|x64
		Release|x86 = Release|x86
	EndGlobalSection
	GlobalSection(ProjectConfigurationPlatforms) = postSolution
		{5C0D76AB-E60B-4C70-B44A-A9C0D5BC1DC5}.Debug|Any CPU.ActiveCfg = Debug|Any CPU
		{5C0D76AB-E60B-4C70-B44A-A9C0D5BC1DC5}.Debug|Any CPU.Build.0 = Debug|Any CPU
		{5C0D76AB-E60B-4C70-B44A-A9C0D5BC1DC5}.Debug|Any CPU.Deploy.0 = Debug|Any CPU
		{5C0D76AB-E60B-4C70-B44A-A9C0D5BC1DC5}.Debug|ARM.ActiveCfg = Debug|Any CPU
		{5C0D76AB-E60B-4C70-B44A-A9C0D5BC1DC5}.Debug|ARM.Build.0 = Debug|Any CPU
		{5C0D76AB-E60B-4C70-B44A-A9C0D5BC1DC5}.Debug|ARM.Deploy.0 = Debug|Any CPU
		{5C0D76AB-E60B-4C70-B44A-A9C0D5BC1DC5}.Debug|iPhone.ActiveCfg = Debug|Any CPU
		{5C0D76AB-E60B-4C70-B44A-A9C0D5BC1DC5}.Debug|iPhone.Build.0 = Debug|Any CPU
		{5C0D76AB-E60B-4C70-B44A-A9C0D5BC1DC5}.Debug|iPhone.Deploy.0 = Debug|Any CPU
		{5C0D76AB-E60B-4C70-B44A-A9C0D5BC1DC5}.Debug|iPhoneSimulator.ActiveCfg = Debug|Any CPU
		{5C0D76AB-E60B-4C70-B44A-A9C0D5BC1DC5}.Debug|iPhoneSimulator.Build.0 = Debug|Any CPU
		{5C0D76AB-E60B-4C70-B44A-A9C0D5BC1DC5}.Debug|iPhoneSimulator.Deploy.0 = Debug|Any CPU
		{5C0D76AB-E60B-4C70-B44A-A9C0D5BC1DC5}.Debug|x64.ActiveCfg = Debug|Any CPU
		{5C0D76AB-E60B-4C70-B44A-A9C0D5BC1DC5}.Debug|x64.Build.0 = Debug|Any CPU
		{5C0D76AB-E60B-4C70-B44A-A9C0D5BC1DC5}.Debug|x64.Deploy.0 = Debug|Any CPU
		{5C0D76AB-E60B-4C70-B44A-A9C0D5BC1DC5}.Debug|x86.ActiveCfg = Debug|Any CPU
		{5C0D76AB-E60B-4C70-B44A-A9C0D5BC1DC5}.Debug|x86.Build.0 = Debug|Any CPU
		{5C0D76AB-E60B-4C70-B44A-A9C0D5BC1DC5}.Debug|x86.Deploy.0 = Debug|Any CPU
		{5C0D76AB-E60B-4C70-B44A-A9C0D5BC1DC5}.Release|Any CPU.ActiveCfg = Release|Any CPU
		{5C0D76AB-E60B-4C70-B44A-A9C0D5BC1DC5}.Release|Any CPU.Build.0 = Release|Any CPU
		{5C0D76AB-E60B-4C70-B44A-A9C0D5BC1DC5}.Release|Any CPU.Deploy.0 = Release|Any CPU
		{5C0D76AB-E60B-4C70-B44A-A9C0D5BC1DC5}.Release|ARM.ActiveCfg = Release|Any CPU
		{5C0D76AB-E60B-4C70-B44A-A9C0D5BC1DC5}.Release|ARM.Build.0 = Release|Any CPU
		{5C0D76AB-E60B-4C70-B44A-A9C0D5BC1DC5}.Release|ARM.Deploy.0 = Release|Any CPU
		{5C0D76AB-E60B-4C70-B44A-A9C0D5BC1DC5}.Release|iPhone.ActiveCfg = Release|Any CPU
		{5C0D76AB-E60B-4C70-B44A-A9C0D5BC1DC5}.Release|iPhone.Build.0 = Release|Any CPU
		{5C0D76AB-E60B-4C70-B44A-A9C0D5BC1DC5}.Release|iPhone.Deploy.0 = Release|Any CPU
		{5C0D76AB-E60B-4C70-B44A-A9C0D5BC1DC5}.Release|iPhoneSimulator.ActiveCfg = Release|Any CPU
		{5C0D76AB-E60B-4C70-B44A-A9C0D5BC1DC5}.Release|iPhoneSimulator.Build.0 = Release|Any CPU
		{5C0D76AB-E60B-4C70-B44A-A9C0D5BC1DC5}.Release|iPhoneSimulator.Deploy.0 = Release|Any CPU
		{5C0D76AB-E60B-4C70-B44A-A9C0D5BC1DC5}.Release|x64.ActiveCfg = Release|Any CPU
		{5C0D76AB-E60B-4C70-B44A-A9C0D5BC1DC5}.Release|x64.Build.0 = Release|Any CPU
		{5C0D76AB-E60B-4C70-B44A-A9C0D5BC1DC5}.Release|x64.Deploy.0 = Release|Any CPU
		{5C0D76AB-E60B-4C70-B44A-A9C0D5BC1DC5}.Release|x86.ActiveCfg = Release|Any CPU
		{5C0D76AB-E60B-4C70-B44A-A9C0D5BC1DC5}.Release|x86.Build.0 = Release|Any CPU
		{5C0D76AB-E60B-4C70-B44A-A9C0D5BC1DC5}.Release|x86.Deploy.0 = Release|Any CPU
		{5E7D274B-30C9-4D67-AE97-0EB3CC511E31}.Debug|Any CPU.ActiveCfg = Debug|iPhoneSimulator
		{5E7D274B-30C9-4D67-AE97-0EB3CC511E31}.Debug|Any CPU.Build.0 = Debug|iPhoneSimulator
		{5E7D274B-30C9-4D67-AE97-0EB3CC511E31}.Debug|Any CPU.Deploy.0 = Debug|iPhoneSimulator
		{5E7D274B-30C9-4D67-AE97-0EB3CC511E31}.Debug|ARM.ActiveCfg = Debug|iPhone
		{5E7D274B-30C9-4D67-AE97-0EB3CC511E31}.Debug|ARM.Build.0 = Debug|iPhone
		{5E7D274B-30C9-4D67-AE97-0EB3CC511E31}.Debug|ARM.Deploy.0 = Debug|iPhone
		{5E7D274B-30C9-4D67-AE97-0EB3CC511E31}.Debug|iPhone.ActiveCfg = Debug|iPhone
		{5E7D274B-30C9-4D67-AE97-0EB3CC511E31}.Debug|iPhone.Build.0 = Debug|iPhone
		{5E7D274B-30C9-4D67-AE97-0EB3CC511E31}.Debug|iPhone.Deploy.0 = Debug|iPhone
		{5E7D274B-30C9-4D67-AE97-0EB3CC511E31}.Debug|iPhoneSimulator.ActiveCfg = Debug|iPhoneSimulator
		{5E7D274B-30C9-4D67-AE97-0EB3CC511E31}.Debug|iPhoneSimulator.Build.0 = Debug|iPhoneSimulator
		{5E7D274B-30C9-4D67-AE97-0EB3CC511E31}.Debug|iPhoneSimulator.Deploy.0 = Debug|iPhoneSimulator
		{5E7D274B-30C9-4D67-AE97-0EB3CC511E31}.Debug|x64.ActiveCfg = Debug|iPhone
		{5E7D274B-30C9-4D67-AE97-0EB3CC511E31}.Debug|x64.Build.0 = Debug|iPhone
		{5E7D274B-30C9-4D67-AE97-0EB3CC511E31}.Debug|x64.Deploy.0 = Debug|iPhone
		{5E7D274B-30C9-4D67-AE97-0EB3CC511E31}.Debug|x86.ActiveCfg = Debug|iPhone
		{5E7D274B-30C9-4D67-AE97-0EB3CC511E31}.Debug|x86.Build.0 = Debug|iPhone
		{5E7D274B-30C9-4D67-AE97-0EB3CC511E31}.Debug|x86.Deploy.0 = Debug|iPhone
		{5E7D274B-30C9-4D67-AE97-0EB3CC511E31}.Release|Any CPU.ActiveCfg = Release|iPhone
		{5E7D274B-30C9-4D67-AE97-0EB3CC511E31}.Release|Any CPU.Build.0 = Release|iPhone
		{5E7D274B-30C9-4D67-AE97-0EB3CC511E31}.Release|Any CPU.Deploy.0 = Release|iPhone
		{5E7D274B-30C9-4D67-AE97-0EB3CC511E31}.Release|ARM.ActiveCfg = Release|iPhone
		{5E7D274B-30C9-4D67-AE97-0EB3CC511E31}.Release|ARM.Build.0 = Release|iPhone
		{5E7D274B-30C9-4D67-AE97-0EB3CC511E31}.Release|ARM.Deploy.0 = Release|iPhone
		{5E7D274B-30C9-4D67-AE97-0EB3CC511E31}.Release|iPhone.ActiveCfg = Release|iPhone
		{5E7D274B-30C9-4D67-AE97-0EB3CC511E31}.Release|iPhone.Build.0 = Release|iPhone
		{5E7D274B-30C9-4D67-AE97-0EB3CC511E31}.Release|iPhone.Deploy.0 = Release|iPhone
		{5E7D274B-30C9-4D67-AE97-0EB3CC511E31}.Release|iPhoneSimulator.ActiveCfg = Release|iPhoneSimulator
		{5E7D274B-30C9-4D67-AE97-0EB3CC511E31}.Release|iPhoneSimulator.Build.0 = Release|iPhoneSimulator
		{5E7D274B-30C9-4D67-AE97-0EB3CC511E31}.Release|iPhoneSimulator.Deploy.0 = Release|iPhoneSimulator
		{5E7D274B-30C9-4D67-AE97-0EB3CC511E31}.Release|x64.ActiveCfg = Release|iPhone
		{5E7D274B-30C9-4D67-AE97-0EB3CC511E31}.Release|x64.Build.0 = Release|iPhone
		{5E7D274B-30C9-4D67-AE97-0EB3CC511E31}.Release|x64.Deploy.0 = Release|iPhone
		{5E7D274B-30C9-4D67-AE97-0EB3CC511E31}.Release|x86.ActiveCfg = Release|iPhone
		{5E7D274B-30C9-4D67-AE97-0EB3CC511E31}.Release|x86.Build.0 = Release|iPhone
		{5E7D274B-30C9-4D67-AE97-0EB3CC511E31}.Release|x86.Deploy.0 = Release|iPhone
		{C31846F3-B8BD-4ECE-AE28-E8996655A55A}.Debug|Any CPU.ActiveCfg = Debug|x86
		{C31846F3-B8BD-4ECE-AE28-E8996655A55A}.Debug|Any CPU.Build.0 = Debug|x86
		{C31846F3-B8BD-4ECE-AE28-E8996655A55A}.Debug|Any CPU.Deploy.0 = Debug|x86
		{C31846F3-B8BD-4ECE-AE28-E8996655A55A}.Debug|ARM.ActiveCfg = Debug|ARM
		{C31846F3-B8BD-4ECE-AE28-E8996655A55A}.Debug|ARM.Build.0 = Debug|ARM
		{C31846F3-B8BD-4ECE-AE28-E8996655A55A}.Debug|ARM.Deploy.0 = Debug|ARM
		{C31846F3-B8BD-4ECE-AE28-E8996655A55A}.Debug|iPhone.ActiveCfg = Debug|x86
		{C31846F3-B8BD-4ECE-AE28-E8996655A55A}.Debug|iPhone.Build.0 = Debug|x86
		{C31846F3-B8BD-4ECE-AE28-E8996655A55A}.Debug|iPhone.Deploy.0 = Debug|x86
		{C31846F3-B8BD-4ECE-AE28-E8996655A55A}.Debug|iPhoneSimulator.ActiveCfg = Debug|x86
		{C31846F3-B8BD-4ECE-AE28-E8996655A55A}.Debug|iPhoneSimulator.Build.0 = Debug|x86
		{C31846F3-B8BD-4ECE-AE28-E8996655A55A}.Debug|iPhoneSimulator.Deploy.0 = Debug|x86
		{C31846F3-B8BD-4ECE-AE28-E8996655A55A}.Debug|x64.ActiveCfg = Debug|x64
		{C31846F3-B8BD-4ECE-AE28-E8996655A55A}.Debug|x64.Build.0 = Debug|x64
		{C31846F3-B8BD-4ECE-AE28-E8996655A55A}.Debug|x64.Deploy.0 = Debug|x64
		{C31846F3-B8BD-4ECE-AE28-E8996655A55A}.Debug|x86.ActiveCfg = Debug|x86
		{C31846F3-B8BD-4ECE-AE28-E8996655A55A}.Debug|x86.Build.0 = Debug|x86
		{C31846F3-B8BD-4ECE-AE28-E8996655A55A}.Debug|x86.Deploy.0 = Debug|x86
		{C31846F3-B8BD-4ECE-AE28-E8996655A55A}.Release|Any CPU.ActiveCfg = Release|x86
		{C31846F3-B8BD-4ECE-AE28-E8996655A55A}.Release|Any CPU.Build.0 = Release|x86
		{C31846F3-B8BD-4ECE-AE28-E8996655A55A}.Release|Any CPU.Deploy.0 = Release|x86
		{C31846F3-B8BD-4ECE-AE28-E8996655A55A}.Release|ARM.ActiveCfg = Release|ARM
		{C31846F3-B8BD-4ECE-AE28-E8996655A55A}.Release|ARM.Build.0 = Release|ARM
		{C31846F3-B8BD-4ECE-AE28-E8996655A55A}.Release|ARM.Deploy.0 = Release|ARM
		{C31846F3-B8BD-4ECE-AE28-E8996655A55A}.Release|iPhone.ActiveCfg = Release|x86
		{C31846F3-B8BD-4ECE-AE28-E8996655A55A}.Release|iPhone.Build.0 = Release|x86
		{C31846F3-B8BD-4ECE-AE28-E8996655A55A}.Release|iPhone.Deploy.0 = Release|x86
		{C31846F3-B8BD-4ECE-AE28-E8996655A55A}.Release|iPhoneSimulator.ActiveCfg = Release|x86
		{C31846F3-B8BD-4ECE-AE28-E8996655A55A}.Release|iPhoneSimulator.Build.0 = Release|x86
		{C31846F3-B8BD-4ECE-AE28-E8996655A55A}.Release|iPhoneSimulator.Deploy.0 = Release|x86
		{C31846F3-B8BD-4ECE-AE28-E8996655A55A}.Release|x64.ActiveCfg = Release|x64
		{C31846F3-B8BD-4ECE-AE28-E8996655A55A}.Release|x64.Build.0 = Release|x64
		{C31846F3-B8BD-4ECE-AE28-E8996655A55A}.Release|x64.Deploy.0 = Release|x64
		{C31846F3-B8BD-4ECE-AE28-E8996655A55A}.Release|x86.ActiveCfg = Release|x86
		{C31846F3-B8BD-4ECE-AE28-E8996655A55A}.Release|x86.Build.0 = Release|x86
		{C31846F3-B8BD-4ECE-AE28-E8996655A55A}.Release|x86.Deploy.0 = Release|x86
		{AAEAD116-71AC-4FA8-A8E2-C4A3FB907563}.Debug|Any CPU.ActiveCfg = Debug|Any CPU
		{AAEAD116-71AC-4FA8-A8E2-C4A3FB907563}.Debug|Any CPU.Build.0 = Debug|Any CPU
		{AAEAD116-71AC-4FA8-A8E2-C4A3FB907563}.Debug|Any CPU.Deploy.0 = Debug|Any CPU
		{AAEAD116-71AC-4FA8-A8E2-C4A3FB907563}.Debug|ARM.ActiveCfg = Debug|Any CPU
		{AAEAD116-71AC-4FA8-A8E2-C4A3FB907563}.Debug|ARM.Build.0 = Debug|Any CPU
		{AAEAD116-71AC-4FA8-A8E2-C4A3FB907563}.Debug|ARM.Deploy.0 = Debug|Any CPU
		{AAEAD116-71AC-4FA8-A8E2-C4A3FB907563}.Debug|iPhone.ActiveCfg = Debug|Any CPU
		{AAEAD116-71AC-4FA8-A8E2-C4A3FB907563}.Debug|iPhone.Build.0 = Debug|Any CPU
		{AAEAD116-71AC-4FA8-A8E2-C4A3FB907563}.Debug|iPhone.Deploy.0 = Debug|Any CPU
		{AAEAD116-71AC-4FA8-A8E2-C4A3FB907563}.Debug|iPhoneSimulator.ActiveCfg = Debug|Any CPU
		{AAEAD116-71AC-4FA8-A8E2-C4A3FB907563}.Debug|iPhoneSimulator.Build.0 = Debug|Any CPU
		{AAEAD116-71AC-4FA8-A8E2-C4A3FB907563}.Debug|iPhoneSimulator.Deploy.0 = Debug|Any CPU
		{AAEAD116-71AC-4FA8-A8E2-C4A3FB907563}.Debug|x64.ActiveCfg = Debug|Any CPU
		{AAEAD116-71AC-4FA8-A8E2-C4A3FB907563}.Debug|x64.Build.0 = Debug|Any CPU
		{AAEAD116-71AC-4FA8-A8E2-C4A3FB907563}.Debug|x64.Deploy.0 = Debug|Any CPU
		{AAEAD116-71AC-4FA8-A8E2-C4A3FB907563}.Debug|x86.ActiveCfg = Debug|Any CPU
		{AAEAD116-71AC-4FA8-A8E2-C4A3FB907563}.Debug|x86.Build.0 = Debug|Any CPU
		{AAEAD116-71AC-4FA8-A8E2-C4A3FB907563}.Debug|x86.Deploy.0 = Debug|Any CPU
		{AAEAD116-71AC-4FA8-A8E2-C4A3FB907563}.Release|Any CPU.ActiveCfg = Release|Any CPU
		{AAEAD116-71AC-4FA8-A8E2-C4A3FB907563}.Release|Any CPU.Build.0 = Release|Any CPU
		{AAEAD116-71AC-4FA8-A8E2-C4A3FB907563}.Release|Any CPU.Deploy.0 = Release|Any CPU
		{AAEAD116-71AC-4FA8-A8E2-C4A3FB907563}.Release|ARM.ActiveCfg = Release|Any CPU
		{AAEAD116-71AC-4FA8-A8E2-C4A3FB907563}.Release|ARM.Build.0 = Release|Any CPU
		{AAEAD116-71AC-4FA8-A8E2-C4A3FB907563}.Release|ARM.Deploy.0 = Release|Any CPU
		{AAEAD116-71AC-4FA8-A8E2-C4A3FB907563}.Release|iPhone.ActiveCfg = Release|Any CPU
		{AAEAD116-71AC-4FA8-A8E2-C4A3FB907563}.Release|iPhone.Build.0 = Release|Any CPU
		{AAEAD116-71AC-4FA8-A8E2-C4A3FB907563}.Release|iPhone.Deploy.0 = Release|Any CPU
		{AAEAD116-71AC-4FA8-A8E2-C4A3FB907563}.Release|iPhoneSimulator.ActiveCfg = Release|Any CPU
		{AAEAD116-71AC-4FA8-A8E2-C4A3FB907563}.Release|iPhoneSimulator.Build.0 = Release|Any CPU
		{AAEAD116-71AC-4FA8-A8E2-C4A3FB907563}.Release|iPhoneSimulator.Deploy.0 = Release|Any CPU
		{AAEAD116-71AC-4FA8-A8E2-C4A3FB907563}.Release|x64.ActiveCfg = Release|Any CPU
		{AAEAD116-71AC-4FA8-A8E2-C4A3FB907563}.Release|x64.Build.0 = Release|Any CPU
		{AAEAD116-71AC-4FA8-A8E2-C4A3FB907563}.Release|x64.Deploy.0 = Release|Any CPU
		{AAEAD116-71AC-4FA8-A8E2-C4A3FB907563}.Release|x86.ActiveCfg = Release|Any CPU
		{AAEAD116-71AC-4FA8-A8E2-C4A3FB907563}.Release|x86.Build.0 = Release|Any CPU
		{AAEAD116-71AC-4FA8-A8E2-C4A3FB907563}.Release|x86.Deploy.0 = Release|Any CPU
	EndGlobalSection
	GlobalSection(SolutionProperties) = preSolution
		HideSolutionNode = FALSE
	EndGlobalSection
	GlobalSection(ExtensibilityGlobals) = postSolution
		SolutionGuid = {E796E068-7870-4E0C-B97C-EF35321503E6}
	EndGlobalSection
EndGlobal
